
Microsoft Visual Studio Solution File, Format Version 12.00
# Visual Studio Version 16
VisualStudioVersion = 16.0.30503.244
MinimumVisualStudioVersion = 10.0.40219.1
Project("{9A19103F-16F7-4668-BE54-9A1E7A4F7556}") = "ChatBot", "ChatBot\ChatBot.csproj", "{BA53900F-B59A-4BC2-8E02-536C70C3AF8B}"
EndProject
Global
	GlobalSection(SolutionConfigurationPlatforms) = preSolution
		Debug|Any CPU = Debug|Any CPU
		Release|Any CPU = Release|Any CPU
	EndGlobalSection
	GlobalSection(ProjectConfigurationPlatforms) = postSolution
		{BA53900F-B59A-4BC2-8E02-536C70C3AF8B}.Debug|Any CPU.ActiveCfg = Debug|Any CPU
		{BA53900F-B59A-4BC2-8E02-536C70C3AF8B}.Debug|Any CPU.Build.0 = Debug|Any CPU
		{BA53900F-B59A-4BC2-8E02-536C70C3AF8B}.Release|Any CPU.ActiveCfg = Release|Any CPU
		{BA53900F-B59A-4BC2-8E02-536C70C3AF8B}.Release|Any CPU.Build.0 = Release|Any CPU
	EndGlobalSection
	GlobalSection(SolutionProperties) = preSolution
		HideSolutionNode = FALSE
	EndGlobalSection
	GlobalSection(ExtensibilityGlobals) = postSolution
		SolutionGuid = {1AE90960-ECC9-4A37-9BF2-755E5108AB7C}
	EndGlobalSection
EndGlobal
